
Microsoft Visual Studio Solution File, Format Version 12.00
# Visual Studio Version 17
VisualStudioVersion = 17.13.35931.197 d17.13
MinimumVisualStudioVersion = 10.0.40219.1
Project("{FAE04EC0-301F-11D3-BF4B-00C04F79EFBC}") = "KeuanganWarkop", "KeuanganWarkop\KeuanganWarkop.csproj", "{3E08BBE0-65A1-4049-9F47-27640CA2A070}"
EndProject
Global
	GlobalSection(SolutionConfigurationPlatforms) = preSolution
		Debug|Any CPU = Debug|Any CPU
		Release|Any CPU = Release|Any CPU
	EndGlobalSection
	GlobalSection(ProjectConfigurationPlatforms) = postSolution
		{3E08BBE0-65A1-4049-9F47-27640CA2A070}.Debug|Any CPU.ActiveCfg = Debug|Any CPU
		{3E08BBE0-65A1-4049-9F47-27640CA2A070}.Debug|Any CPU.Build.0 = Debug|Any CPU
		{3E08BBE0-65A1-4049-9F47-27640CA2A070}.Release|Any CPU.ActiveCfg = Release|Any CPU
		{3E08BBE0-65A1-4049-9F47-27640CA2A070}.Release|Any CPU.Build.0 = Release|Any CPU
	EndGlobalSection
	GlobalSection(SolutionProperties) = preSolution
		HideSolutionNode = FALSE
	EndGlobalSection
	GlobalSection(ExtensibilityGlobals) = postSolution
		SolutionGuid = {5FA6EC20-46A3-4438-969D-1263EC0B462A}
	EndGlobalSection
EndGlobal
